
Microsoft Visual Studio Solution File, Format Version 12.00
# Visual Studio Version 17
VisualStudioVersion = 17.7.34003.232
MinimumVisualStudioVersion = 10.0.40219.1
Project("{FAE04EC0-301F-11D3-BF4B-00C04F79EFBC}") = "timerprojectOdev2", "timerprojectOdev2\timerprojectOdev2.csproj", "{C1672785-DAF3-4C59-BD83-C2FF909227C7}"
EndProject
Global
	GlobalSection(SolutionConfigurationPlatforms) = preSolution
		Debug|Any CPU = Debug|Any CPU
		Release|Any CPU = Release|Any CPU
	EndGlobalSection
	GlobalSection(ProjectConfigurationPlatforms) = postSolution
		{C1672785-DAF3-4C59-BD83-C2FF909227C7}.Debug|Any CPU.ActiveCfg = Debug|Any CPU
		{C1672785-DAF3-4C59-BD83-C2FF909227C7}.Debug|Any CPU.Build.0 = Debug|Any CPU
		{C1672785-DAF3-4C59-BD83-C2FF909227C7}.Release|Any CPU.ActiveCfg = Release|Any CPU
		{C1672785-DAF3-4C59-BD83-C2FF909227C7}.Release|Any CPU.Build.0 = Release|Any CPU
	EndGlobalSection
	GlobalSection(SolutionProperties) = preSolution
		HideSolutionNode = FALSE
	EndGlobalSection
	GlobalSection(ExtensibilityGlobals) = postSolution
		SolutionGuid = {767E9B45-E2AF-4707-9924-04A2C4F96AF8}
	EndGlobalSection
EndGlobal
